
Microsoft Visual Studio Solution File, Format Version 12.00
# Visual Studio Version 17
VisualStudioVersion = 17.3.32929.385
MinimumVisualStudioVersion = 10.0.40219.1
Project("{9A19103F-16F7-4668-BE54-9A1E7A4F7556}") = "Elec_app_api", "Elec_app_api\Elec_app_api.csproj", "{DFB394C6-E25B-4CEC-ACB5-DFA56FC01A27}"
EndProject
Project("{FAE04EC0-301F-11D3-BF4B-00C04F79EFBC}") = "HCOTest", "HCOTest\HCOTest.csproj", "{7C77AE32-B0B2-493F-BABB-3E4A52CF6ECD}"
EndProject
Global
	GlobalSection(SolutionConfigurationPlatforms) = preSolution
		Debug|Any CPU = Debug|Any CPU
		Release|Any CPU = Release|Any CPU
	EndGlobalSection
	GlobalSection(ProjectConfigurationPlatforms) = postSolution
		{DFB394C6-E25B-4CEC-ACB5-DFA56FC01A27}.Debug|Any CPU.ActiveCfg = Debug|Any CPU
		{DFB394C6-E25B-4CEC-ACB5-DFA56FC01A27}.Debug|Any CPU.Build.0 = Debug|Any CPU
		{DFB394C6-E25B-4CEC-ACB5-DFA56FC01A27}.Release|Any CPU.ActiveCfg = Release|Any CPU
		{DFB394C6-E25B-4CEC-ACB5-DFA56FC01A27}.Release|Any CPU.Build.0 = Release|Any CPU
		{7C77AE32-B0B2-493F-BABB-3E4A52CF6ECD}.Debug|Any CPU.ActiveCfg = Debug|Any CPU
		{7C77AE32-B0B2-493F-BABB-3E4A52CF6ECD}.Debug|Any CPU.Build.0 = Debug|Any CPU
		{7C77AE32-B0B2-493F-BABB-3E4A52CF6ECD}.Release|Any CPU.ActiveCfg = Release|Any CPU
		{7C77AE32-B0B2-493F-BABB-3E4A52CF6ECD}.Release|Any CPU.Build.0 = Release|Any CPU
	EndGlobalSection
	GlobalSection(SolutionProperties) = preSolution
		HideSolutionNode = FALSE
	EndGlobalSection
	GlobalSection(ExtensibilityGlobals) = postSolution
		SolutionGuid = {1929506B-847C-4BB5-B9A2-F6CE56956DBE}
	EndGlobalSection
EndGlobal
